
Microsoft Visual Studio Solution File, Format Version 12.00
# Visual Studio Version 16
VisualStudioVersion = 16.0.29001.49
MinimumVisualStudioVersion = 10.0.40219.1
Project("{FAE04EC0-301F-11D3-BF4B-00C04F79EFBC}") = "NancyDemo", "NancyDemo.csproj", "{F991AA73-3263-4A94-B3FC-D4C2A195D271}"
EndProject
Global
	GlobalSection(SolutionConfigurationPlatforms) = preSolution
		Debug|Any CPU = Debug|Any CPU
		Release|Any CPU = Release|Any CPU
	EndGlobalSection
	GlobalSection(ProjectConfigurationPlatforms) = postSolution
		{F991AA73-3263-4A94-B3FC-D4C2A195D271}.Debug|Any CPU.ActiveCfg = Debug|Any CPU
		{F991AA73-3263-4A94-B3FC-D4C2A195D271}.Debug|Any CPU.Build.0 = Debug|Any CPU
		{F991AA73-3263-4A94-B3FC-D4C2A195D271}.Release|Any CPU.ActiveCfg = Release|Any CPU
		{F991AA73-3263-4A94-B3FC-D4C2A195D271}.Release|Any CPU.Build.0 = Release|Any CPU
	EndGlobalSection
	GlobalSection(SolutionProperties) = preSolution
		HideSolutionNode = FALSE
	EndGlobalSection
	GlobalSection(ExtensibilityGlobals) = postSolution
		SolutionGuid = {2FE88946-AE5F-4DAE-AAB8-B2DC3981A5F2}
	EndGlobalSection
EndGlobal
